# DO NOT EDIT MANUALLY - Managed by Fern Replay
version: "1.0"
generations:
  - commit_sha: 057a56683ddf1e5007072397fc4221b8eda8676f
    tree_hash: d77c090eed91cd634edf2d25d9a78cc98a391bdb
    timestamp: 2026-05-19T21:19:34.660Z
    cli_version: unknown
    generator_versions: {}
current_generation: 057a56683ddf1e5007072397fc4221b8eda8676f
patches: []
