# DO NOT EDIT MANUALLY - Managed by Fern Replay
version: "1.0"
generations:
  - commit_sha: 057a56683ddf1e5007072397fc4221b8eda8676f
    tree_hash: d77c090eed91cd634edf2d25d9a78cc98a391bdb
    timestamp: 2026-05-19T21:19:34.660Z
    cli_version: unknown
    generator_versions: {}
  - commit_sha: bf6ec597eb7d483e4abfca746749e843cfdbe972
    tree_hash: bed72cbce0e3870a52ed0af5ca37b229fe79e38d
    timestamp: 2026-07-14T17:03:12.102Z
    cli_version: unknown
    generator_versions:
      fernapi/fern-java-sdk: 3.42.8
  - commit_sha: 690321e25428ce69ac46387dede879c9626d5597
    tree_hash: b9d5325e6dcb87aa1fe84d252f4ecb952cbecc68
    timestamp: 2026-08-18T17:50:48.824Z
    cli_version: unknown
    generator_versions:
      fernapi/fern-java-sdk: 3.42.8
  - commit_sha: ab56aff39cd073084fbe2e3f69812c23ce244e62
    tree_hash: 0065249e395d9e34620c238670bde641c9bed005
    timestamp: 2026-08-18T20:57:18.797Z
    cli_version: unknown
    generator_versions:
      fernapi/fern-java-sdk: 3.42.8
current_generation: ab56aff39cd073084fbe2e3f69812c23ce244e62
patches: []
